
Microsoft Visual Studio Solution File, Format Version 12.00
# Visual Studio 15
VisualStudioVersion = 15.0.26228.9
MinimumVisualStudioVersion = 10.0.40219.1
Project("{2150E333-8FDC-42A3-9474-1A3956D46DE8}") = "src", "src", "{10A9AC89-2CD2-4F63-A852-7429660183EE}"
EndProject
Project("{2150E333-8FDC-42A3-9474-1A3956D46DE8}") = "Solution Items", "Solution Items", "{E99A110D-B33A-40B1-BACD-CDBBCDCFA080}"
EndProject
Project("{9A19103F-16F7-4668-BE54-9A1E7A4F7556}") = "NureStatistic.Web", "src\NureStatistic.Web\NureStatistic.Web.csproj", "{426045F8-127B-44C5-8495-ECF76C372309}"
EndProject
Project("{9A19103F-16F7-4668-BE54-9A1E7A4F7556}") = "NureStatistic.Core", "src\NureStatistic.Core\NureStatistic.Core.csproj", "{02CF19E4-10F8-4AE8-B3C0-F5F6438F5FA9}"
EndProject
Project("{9A19103F-16F7-4668-BE54-9A1E7A4F7556}") = "NureStatistic.DAL", "src\NureStatistic.DAL\NureStatistic.DAL.csproj", "{BE7E08D1-307C-4708-819D-CA7190DA3905}"
EndProject
Project("{9A19103F-16F7-4668-BE54-9A1E7A4F7556}") = "NureStatistic.BLL", "src\NureStatistic.BLL\NureStatistic.BLL.csproj", "{1FE44C65-6D0B-4E65-8745-B143D6BB4FD6}"
EndProject
Global
	GlobalSection(SolutionConfigurationPlatforms) = preSolution
		Debug|Any CPU = Debug|Any CPU
		Release|Any CPU = Release|Any CPU
	EndGlobalSection
	GlobalSection(ProjectConfigurationPlatforms) = postSolution
		{426045F8-127B-44C5-8495-ECF76C372309}.Debug|Any CPU.ActiveCfg = Debug|Any CPU
		{426045F8-127B-44C5-8495-ECF76C372309}.Debug|Any CPU.Build.0 = Debug|Any CPU
		{426045F8-127B-44C5-8495-ECF76C372309}.Release|Any CPU.ActiveCfg = Release|Any CPU
		{426045F8-127B-44C5-8495-ECF76C372309}.Release|Any CPU.Build.0 = Release|Any CPU
		{02CF19E4-10F8-4AE8-B3C0-F5F6438F5FA9}.Debug|Any CPU.ActiveCfg = Debug|Any CPU
		{02CF19E4-10F8-4AE8-B3C0-F5F6438F5FA9}.Debug|Any CPU.Build.0 = Debug|Any CPU
		{02CF19E4-10F8-4AE8-B3C0-F5F6438F5FA9}.Release|Any CPU.ActiveCfg = Release|Any CPU
		{02CF19E4-10F8-4AE8-B3C0-F5F6438F5FA9}.Release|Any CPU.Build.0 = Release|Any CPU
		{BE7E08D1-307C-4708-819D-CA7190DA3905}.Debug|Any CPU.ActiveCfg = Debug|Any CPU
		{BE7E08D1-307C-4708-819D-CA7190DA3905}.Debug|Any CPU.Build.0 = Debug|Any CPU
		{BE7E08D1-307C-4708-819D-CA7190DA3905}.Release|Any CPU.ActiveCfg = Release|Any CPU
		{BE7E08D1-307C-4708-819D-CA7190DA3905}.Release|Any CPU.Build.0 = Release|Any CPU
		{1FE44C65-6D0B-4E65-8745-B143D6BB4FD6}.Debug|Any CPU.ActiveCfg = Debug|Any CPU
		{1FE44C65-6D0B-4E65-8745-B143D6BB4FD6}.Debug|Any CPU.Build.0 = Debug|Any CPU
		{1FE44C65-6D0B-4E65-8745-B143D6BB4FD6}.Release|Any CPU.ActiveCfg = Release|Any CPU
		{1FE44C65-6D0B-4E65-8745-B143D6BB4FD6}.Release|Any CPU.Build.0 = Release|Any CPU
	EndGlobalSection
	GlobalSection(SolutionProperties) = preSolution
		HideSolutionNode = FALSE
	EndGlobalSection
	GlobalSection(NestedProjects) = preSolution
		{426045F8-127B-44C5-8495-ECF76C372309} = {10A9AC89-2CD2-4F63-A852-7429660183EE}
		{02CF19E4-10F8-4AE8-B3C0-F5F6438F5FA9} = {10A9AC89-2CD2-4F63-A852-7429660183EE}
		{BE7E08D1-307C-4708-819D-CA7190DA3905} = {10A9AC89-2CD2-4F63-A852-7429660183EE}
		{1FE44C65-6D0B-4E65-8745-B143D6BB4FD6} = {10A9AC89-2CD2-4F63-A852-7429660183EE}
	EndGlobalSection
EndGlobal
